{
    "version": 3,
    "terraform_version": "0.11.3",
    "serial": 10,
    "lineage": "7f86c63c-fba8-4493-ba7f-8959cd5741eb",
    "modules": [
        {
            "path": [
                "root"
            ],
            "outputs": {},
            "resources": {
                "aws_eip.forNat": {
                    "type": "aws_eip",
                    "depends_on": [],
                    "primary": {
                        "id": "eipalloc-28714506",
                        "attributes": {
                            "association_id": "",
                            "domain": "vpc",
                            "id": "eipalloc-28714506",
                            "instance": "",
                            "network_interface": "",
                            "private_ip": "",
                            "public_ip": "18.219.103.130",
                            "tags.%": "0",
                            "vpc": "true"
                        },
                        "meta": {},
                        "tainted": false
                    },
                    "deposed": [],
                    "provider": "provider.aws"
                },
                "aws_instance.database": {
                    "type": "aws_instance",
                    "depends_on": [
                        "aws_security_group.Database",
                        "aws_subnet.PrivateAZA"
                    ],
                    "primary": {
                        "id": "i-0315bc0d88edf3862",
                        "attributes": {
                            "ami": "ami-ea87a78f",
                            "associate_public_ip_address": "false",
                            "availability_zone": "us-east-2b",
                            "disable_api_termination": "false",
                            "ebs_block_device.#": "0",
                            "ebs_optimized": "false",
                            "ephemeral_block_device.#": "0",
                            "iam_instance_profile": "",
                            "id": "i-0315bc0d88edf3862",
                            "instance_state": "running",
                            "instance_type": "t2.micro",
                            "ipv6_addresses.#": "0",
                            "key_name": "Fedora",
                            "monitoring": "false",
                            "network_interface.#": "0",
                            "network_interface_id": "eni-1b1cd14f",
                            "placement_group": "",
                            "primary_network_interface_id": "eni-1b1cd14f",
                            "private_dns": "ip-172-28-3-12.us-east-2.compute.internal",
                            "private_ip": "172.28.3.12",
                            "public_dns": "",
                            "public_ip": "",
                            "root_block_device.#": "1",
                            "root_block_device.0.delete_on_termination": "true",
                            "root_block_device.0.iops": "100",
                            "root_block_device.0.volume_id": "vol-01deff294155ea6f4",
                            "root_block_device.0.volume_size": "8",
                            "root_block_device.0.volume_type": "gp2",
                            "security_groups.#": "0",
                            "source_dest_check": "true",
                            "subnet_id": "subnet-a5d83bdf",
                            "tags.%": "1",
                            "tags.Name": "Database Server",
                            "tenancy": "default",
                            "user_data": "7ea2ddb955fd93af806e4cfcb0c9cb78bef2195e",
                            "volume_tags.%": "0",
                            "vpc_security_group_ids.#": "1",
                            "vpc_security_group_ids.1745205943": "sg-0d5c8266"
                        },
                        "meta": {
                            "e2bfb730-ecaa-11e6-8f88-34363bc7c4c0": {
                                "create": 600000000000,
                                "delete": 600000000000,
                                "update": 600000000000
                            },
                            "schema_version": "1"
                        },
                        "tainted": false
                    },
                    "deposed": [],
                    "provider": "provider.aws"
                },
                "aws_instance.phpapp": {
                    "type": "aws_instance",
                    "depends_on": [
                        "aws_security_group.FrontEnd",
                        "aws_subnet.PublicAZA"
                    ],
                    "primary": {
                        "id": "i-058932350a8c9f743",
                        "attributes": {
                            "ami": "ami-ea87a78f",
                            "associate_public_ip_address": "true",
                            "availability_zone": "us-east-2a",
                            "disable_api_termination": "false",
                            "ebs_block_device.#": "0",
                            "ebs_optimized": "false",
                            "ephemeral_block_device.#": "0",
                            "iam_instance_profile": "",
                            "id": "i-058932350a8c9f743",
                            "instance_state": "running",
                            "instance_type": "t2.micro",
                            "ipv6_addresses.#": "0",
                            "key_name": "Fedora",
                            "monitoring": "false",
                            "network_interface.#": "0",
                            "network_interface_id": "eni-40bbd41e",
                            "placement_group": "",
                            "primary_network_interface_id": "eni-40bbd41e",
                            "private_dns": "ip-172-28-0-12.us-east-2.compute.internal",
                            "private_ip": "172.28.0.12",
                            "public_dns": "ec2-52-15-171-31.us-east-2.compute.amazonaws.com",
                            "public_ip": "52.15.171.31",
                            "root_block_device.#": "1",
                            "root_block_device.0.delete_on_termination": "true",
                            "root_block_device.0.iops": "100",
                            "root_block_device.0.volume_id": "vol-08b2737f56216ffb6",
                            "root_block_device.0.volume_size": "8",
                            "root_block_device.0.volume_type": "gp2",
                            "security_groups.#": "0",
                            "source_dest_check": "true",
                            "subnet_id": "subnet-37ae065f",
                            "tags.%": "1",
                            "tags.Name": "Web Server",
                            "tenancy": "default",
                            "user_data": "7048a7940b2d2a3edb101bea2ca9bf3fd1e4f8c4",
                            "volume_tags.%": "0",
                            "vpc_security_group_ids.#": "1",
                            "vpc_security_group_ids.2381088581": "sg-d85a84b3"
                        },
                        "meta": {
                            "e2bfb730-ecaa-11e6-8f88-34363bc7c4c0": {
                                "create": 600000000000,
                                "delete": 600000000000,
                                "update": 600000000000
                            },
                            "schema_version": "1"
                        },
                        "tainted": false
                    },
                    "deposed": [],
                    "provider": "provider.aws"
                },
                "aws_internet_gateway.gw": {
                    "type": "aws_internet_gateway",
                    "depends_on": [
                        "aws_vpc.terraformmain"
                    ],
                    "primary": {
                        "id": "igw-4264632b",
                        "attributes": {
                            "id": "igw-4264632b",
                            "tags.%": "1",
                            "tags.Name": "internet gw terraform generated",
                            "vpc_id": "vpc-106ecc78"
                        },
                        "meta": {},
                        "tainted": false
                    },
                    "deposed": [],
                    "provider": "provider.aws"
                },
                "aws_nat_gateway.PublicAZA": {
                    "type": "aws_nat_gateway",
                    "depends_on": [
                        "aws_eip.forNat",
                        "aws_internet_gateway.gw",
                        "aws_subnet.PublicAZA"
                    ],
                    "primary": {
                        "id": "nat-07181e18270830c01",
                        "attributes": {
                            "allocation_id": "eipalloc-28714506",
                            "id": "nat-07181e18270830c01",
                            "network_interface_id": "eni-aaa0cff4",
                            "private_ip": "172.28.0.156",
                            "public_ip": "18.219.103.130",
                            "subnet_id": "subnet-37ae065f",
                            "tags.%": "0"
                        },
                        "meta": {},
                        "tainted": false
                    },
                    "deposed": [],
                    "provider": "provider.aws"
                },
                "aws_network_acl.all": {
                    "type": "aws_network_acl",
                    "depends_on": [
                        "aws_vpc.terraformmain"
                    ],
                    "primary": {
                        "id": "acl-f25cdd9a",
                        "attributes": {
                            "egress.#": "1",
                            "egress.2943206146.action": "allow",
                            "egress.2943206146.cidr_block": "0.0.0.0/0",
                            "egress.2943206146.from_port": "0",
                            "egress.2943206146.icmp_code": "0",
                            "egress.2943206146.icmp_type": "0",
                            "egress.2943206146.ipv6_cidr_block": "",
                            "egress.2943206146.protocol": "-1",
                            "egress.2943206146.rule_no": "2",
                            "egress.2943206146.to_port": "0",
                            "id": "acl-f25cdd9a",
                            "ingress.#": "1",
                            "ingress.1564094202.action": "allow",
                            "ingress.1564094202.cidr_block": "0.0.0.0/0",
                            "ingress.1564094202.from_port": "0",
                            "ingress.1564094202.icmp_code": "0",
                            "ingress.1564094202.icmp_type": "0",
                            "ingress.1564094202.ipv6_cidr_block": "",
                            "ingress.1564094202.protocol": "-1",
                            "ingress.1564094202.rule_no": "1",
                            "ingress.1564094202.to_port": "0",
                            "subnet_ids.#": "0",
                            "tags.%": "1",
                            "tags.Name": "open acl",
                            "vpc_id": "vpc-106ecc78"
                        },
                        "meta": {},
                        "tainted": false
                    },
                    "deposed": [],
                    "provider": "provider.aws"
                },
                "aws_route53_record.database": {
                    "type": "aws_route53_record",
                    "depends_on": [
                        "aws_instance.database",
                        "aws_route53_zone.main"
                    ],
                    "primary": {
                        "id": "Z143W0E8A83F9U_mydatabase.linuxacademy.internal_A",
                        "attributes": {
                            "fqdn": "mydatabase.linuxacademy.internal",
                            "health_check_id": "",
                            "id": "Z143W0E8A83F9U_mydatabase.linuxacademy.internal_A",
                            "name": "mydatabase.linuxacademy.internal",
                            "records.#": "1",
                            "records.2476011016": "172.28.3.12",
                            "set_identifier": "",
                            "ttl": "300",
                            "type": "A",
                            "zone_id": "Z143W0E8A83F9U"
                        },
                        "meta": {
                            "schema_version": "2"
                        },
                        "tainted": false
                    },
                    "deposed": [],
                    "provider": "provider.aws"
                },
                "aws_route53_zone.main": {
                    "type": "aws_route53_zone",
                    "depends_on": [
                        "aws_vpc.terraformmain"
                    ],
                    "primary": {
                        "id": "Z143W0E8A83F9U",
                        "attributes": {
                            "comment": "Managed by terraform",
                            "force_destroy": "false",
                            "id": "Z143W0E8A83F9U",
                            "name": "linuxacademy.internal",
                            "name_servers.#": "4",
                            "name_servers.0": "ns-0.awsdns-00.com.",
                            "name_servers.1": "ns-1024.awsdns-00.org.",
                            "name_servers.2": "ns-1536.awsdns-00.co.uk.",
                            "name_servers.3": "ns-512.awsdns-00.net.",
                            "tags.%": "0",
                            "vpc_id": "vpc-106ecc78",
                            "vpc_region": "us-east-2",
                            "zone_id": "Z143W0E8A83F9U"
                        },
                        "meta": {},
                        "tainted": false
                    },
                    "deposed": [],
                    "provider": "provider.aws"
                },
                "aws_route_table.private": {
                    "type": "aws_route_table",
                    "depends_on": [
                        "aws_nat_gateway.PublicAZA",
                        "aws_vpc.terraformmain"
                    ],
                    "primary": {
                        "id": "rtb-e4b32c8c",
                        "attributes": {
                            "id": "rtb-e4b32c8c",
                            "propagating_vgws.#": "0",
                            "route.#": "1",
                            "route.872558937.cidr_block": "0.0.0.0/0",
                            "route.872558937.egress_only_gateway_id": "",
                            "route.872558937.gateway_id": "",
                            "route.872558937.instance_id": "",
                            "route.872558937.ipv6_cidr_block": "",
                            "route.872558937.nat_gateway_id": "nat-07181e18270830c01",
                            "route.872558937.network_interface_id": "",
                            "route.872558937.vpc_peering_connection_id": "",
                            "tags.%": "1",
                            "tags.Name": "Private",
                            "vpc_id": "vpc-106ecc78"
                        },
                        "meta": {},
                        "tainted": false
                    },
                    "deposed": [],
                    "provider": "provider.aws"
                },
                "aws_route_table.public": {
                    "type": "aws_route_table",
                    "depends_on": [
                        "aws_internet_gateway.gw",
                        "aws_vpc.terraformmain"
                    ],
                    "primary": {
                        "id": "rtb-29b82741",
                        "attributes": {
                            "id": "rtb-29b82741",
                            "propagating_vgws.#": "0",
                            "route.#": "1",
                            "route.2239306719.cidr_block": "0.0.0.0/0",
                            "route.2239306719.egress_only_gateway_id": "",
                            "route.2239306719.gateway_id": "igw-4264632b",
                            "route.2239306719.instance_id": "",
                            "route.2239306719.ipv6_cidr_block": "",
                            "route.2239306719.nat_gateway_id": "",
                            "route.2239306719.network_interface_id": "",
                            "route.2239306719.vpc_peering_connection_id": "",
                            "tags.%": "1",
                            "tags.Name": "Public",
                            "vpc_id": "vpc-106ecc78"
                        },
                        "meta": {},
                        "tainted": false
                    },
                    "deposed": [],
                    "provider": "provider.aws"
                },
                "aws_route_table_association.PrivateAZA": {
                    "type": "aws_route_table_association",
                    "depends_on": [
                        "aws_route_table.private",
                        "aws_subnet.PrivateAZA"
                    ],
                    "primary": {
                        "id": "rtbassoc-dbd1cfb3",
                        "attributes": {
                            "id": "rtbassoc-dbd1cfb3",
                            "route_table_id": "rtb-e4b32c8c",
                            "subnet_id": "subnet-a5d83bdf"
                        },
                        "meta": {},
                        "tainted": false
                    },
                    "deposed": [],
                    "provider": "provider.aws"
                },
                "aws_route_table_association.PublicAZA": {
                    "type": "aws_route_table_association",
                    "depends_on": [
                        "aws_route_table.public",
                        "aws_subnet.PublicAZA"
                    ],
                    "primary": {
                        "id": "rtbassoc-0dced065",
                        "attributes": {
                            "id": "rtbassoc-0dced065",
                            "route_table_id": "rtb-29b82741",
                            "subnet_id": "subnet-37ae065f"
                        },
                        "meta": {},
                        "tainted": false
                    },
                    "deposed": [],
                    "provider": "provider.aws"
                },
                "aws_security_group.Database": {
                    "type": "aws_security_group",
                    "depends_on": [
                        "aws_security_group.FrontEnd",
                        "aws_vpc.terraformmain"
                    ],
                    "primary": {
                        "id": "sg-0d5c8266",
                        "attributes": {
                            "description": "ONLY tcp CONNECTION INBOUND",
                            "egress.#": "1",
                            "egress.482069346.cidr_blocks.#": "1",
                            "egress.482069346.cidr_blocks.0": "0.0.0.0/0",
                            "egress.482069346.description": "",
                            "egress.482069346.from_port": "0",
                            "egress.482069346.ipv6_cidr_blocks.#": "0",
                            "egress.482069346.prefix_list_ids.#": "0",
                            "egress.482069346.protocol": "-1",
                            "egress.482069346.security_groups.#": "0",
                            "egress.482069346.self": "false",
                            "egress.482069346.to_port": "0",
                            "id": "sg-0d5c8266",
                            "ingress.#": "2",
                            "ingress.1414313684.cidr_blocks.#": "0",
                            "ingress.1414313684.description": "",
                            "ingress.1414313684.from_port": "3306",
                            "ingress.1414313684.ipv6_cidr_blocks.#": "0",
                            "ingress.1414313684.protocol": "TCP",
                            "ingress.1414313684.security_groups.#": "1",
                            "ingress.1414313684.security_groups.2381088581": "sg-d85a84b3",
                            "ingress.1414313684.self": "false",
                            "ingress.1414313684.to_port": "3306",
                            "ingress.2541437006.cidr_blocks.#": "1",
                            "ingress.2541437006.cidr_blocks.0": "0.0.0.0/0",
                            "ingress.2541437006.description": "",
                            "ingress.2541437006.from_port": "22",
                            "ingress.2541437006.ipv6_cidr_blocks.#": "0",
                            "ingress.2541437006.protocol": "TCP",
                            "ingress.2541437006.security_groups.#": "0",
                            "ingress.2541437006.self": "false",
                            "ingress.2541437006.to_port": "22",
                            "name": "Database",
                            "owner_id": "611596824149",
                            "revoke_rules_on_delete": "false",
                            "tags.%": "1",
                            "tags.Name": "Database",
                            "vpc_id": "vpc-106ecc78"
                        },
                        "meta": {
                            "schema_version": "1"
                        },
                        "tainted": false
                    },
                    "deposed": [],
                    "provider": "provider.aws"
                },
                "aws_security_group.FrontEnd": {
                    "type": "aws_security_group",
                    "depends_on": [
                        "aws_vpc.terraformmain"
                    ],
                    "primary": {
                        "id": "sg-d85a84b3",
                        "attributes": {
                            "description": "ONLY HTTP CONNECTION INBOUD",
                            "egress.#": "1",
                            "egress.482069346.cidr_blocks.#": "1",
                            "egress.482069346.cidr_blocks.0": "0.0.0.0/0",
                            "egress.482069346.description": "",
                            "egress.482069346.from_port": "0",
                            "egress.482069346.ipv6_cidr_blocks.#": "0",
                            "egress.482069346.prefix_list_ids.#": "0",
                            "egress.482069346.protocol": "-1",
                            "egress.482069346.security_groups.#": "0",
                            "egress.482069346.self": "false",
                            "egress.482069346.to_port": "0",
                            "id": "sg-d85a84b3",
                            "ingress.#": "2",
                            "ingress.2214680975.cidr_blocks.#": "1",
                            "ingress.2214680975.cidr_blocks.0": "0.0.0.0/0",
                            "ingress.2214680975.description": "",
                            "ingress.2214680975.from_port": "80",
                            "ingress.2214680975.ipv6_cidr_blocks.#": "0",
                            "ingress.2214680975.protocol": "TCP",
                            "ingress.2214680975.security_groups.#": "0",
                            "ingress.2214680975.self": "false",
                            "ingress.2214680975.to_port": "80",
                            "ingress.2541437006.cidr_blocks.#": "1",
                            "ingress.2541437006.cidr_blocks.0": "0.0.0.0/0",
                            "ingress.2541437006.description": "",
                            "ingress.2541437006.from_port": "22",
                            "ingress.2541437006.ipv6_cidr_blocks.#": "0",
                            "ingress.2541437006.protocol": "TCP",
                            "ingress.2541437006.security_groups.#": "0",
                            "ingress.2541437006.self": "false",
                            "ingress.2541437006.to_port": "22",
                            "name": "FrontEnd",
                            "owner_id": "611596824149",
                            "revoke_rules_on_delete": "false",
                            "tags.%": "1",
                            "tags.Name": "FrontEnd",
                            "vpc_id": "vpc-106ecc78"
                        },
                        "meta": {
                            "schema_version": "1"
                        },
                        "tainted": false
                    },
                    "deposed": [],
                    "provider": "provider.aws"
                },
                "aws_subnet.PrivateAZA": {
                    "type": "aws_subnet",
                    "depends_on": [
                        "aws_vpc.terraformmain",
                        "data.aws_availability_zones.available"
                    ],
                    "primary": {
                        "id": "subnet-a5d83bdf",
                        "attributes": {
                            "assign_ipv6_address_on_creation": "false",
                            "availability_zone": "us-east-2b",
                            "cidr_block": "172.28.3.0/24",
                            "id": "subnet-a5d83bdf",
                            "map_public_ip_on_launch": "false",
                            "tags.%": "1",
                            "tags.Name": "PublicAZB",
                            "vpc_id": "vpc-106ecc78"
                        },
                        "meta": {
                            "schema_version": "1"
                        },
                        "tainted": false
                    },
                    "deposed": [],
                    "provider": "provider.aws"
                },
                "aws_subnet.PublicAZA": {
                    "type": "aws_subnet",
                    "depends_on": [
                        "aws_vpc.terraformmain",
                        "data.aws_availability_zones.available"
                    ],
                    "primary": {
                        "id": "subnet-37ae065f",
                        "attributes": {
                            "assign_ipv6_address_on_creation": "false",
                            "availability_zone": "us-east-2a",
                            "cidr_block": "172.28.0.0/24",
                            "id": "subnet-37ae065f",
                            "map_public_ip_on_launch": "false",
                            "tags.%": "1",
                            "tags.Name": "PublicAZA",
                            "vpc_id": "vpc-106ecc78"
                        },
                        "meta": {
                            "schema_version": "1"
                        },
                        "tainted": false
                    },
                    "deposed": [],
                    "provider": "provider.aws"
                },
                "aws_vpc.terraformmain": {
                    "type": "aws_vpc",
                    "depends_on": [],
                    "primary": {
                        "id": "vpc-106ecc78",
                        "attributes": {
                            "assign_generated_ipv6_cidr_block": "false",
                            "cidr_block": "172.28.0.0/16",
                            "default_network_acl_id": "acl-9b5ddcf3",
                            "default_route_table_id": "rtb-b4b42bdc",
                            "default_security_group_id": "sg-915d83fa",
                            "dhcp_options_id": "dopt-2e962746",
                            "enable_dns_hostnames": "true",
                            "enable_dns_support": "true",
                            "id": "vpc-106ecc78",
                            "instance_tenancy": "default",
                            "main_route_table_id": "rtb-b4b42bdc",
                            "tags.%": "1",
                            "tags.Name": "My terraform vpc"
                        },
                        "meta": {
                            "schema_version": "1"
                        },
                        "tainted": false
                    },
                    "deposed": [],
                    "provider": "provider.aws"
                },
                "aws_vpc_dhcp_options.mydhcp": {
                    "type": "aws_vpc_dhcp_options",
                    "depends_on": [],
                    "primary": {
                        "id": "dopt-de9825b6",
                        "attributes": {
                            "domain_name": "linuxacademy.internal",
                            "domain_name_servers.#": "1",
                            "domain_name_servers.0": "AmazonProvidedDNS",
                            "id": "dopt-de9825b6",
                            "tags.%": "1",
                            "tags.Name": "My internal name"
                        },
                        "meta": {},
                        "tainted": false
                    },
                    "deposed": [],
                    "provider": "provider.aws"
                },
                "aws_vpc_dhcp_options_association.dns_resolver": {
                    "type": "aws_vpc_dhcp_options_association",
                    "depends_on": [
                        "aws_vpc.terraformmain",
                        "aws_vpc_dhcp_options.mydhcp"
                    ],
                    "primary": {
                        "id": "dopt-de9825b6-vpc-106ecc78",
                        "attributes": {
                            "dhcp_options_id": "dopt-de9825b6",
                            "id": "dopt-de9825b6-vpc-106ecc78",
                            "vpc_id": "vpc-106ecc78"
                        },
                        "meta": {},
                        "tainted": false
                    },
                    "deposed": [],
                    "provider": "provider.aws"
                },
                "data.aws_availability_zones.available": {
                    "type": "aws_availability_zones",
                    "depends_on": [],
                    "primary": {
                        "id": "2018-02-06 01:00:25.323948092 +0000 UTC",
                        "attributes": {
                            "id": "2018-02-06 01:00:25.323948092 +0000 UTC",
                            "names.#": "3",
                            "names.0": "us-east-2a",
                            "names.1": "us-east-2b",
                            "names.2": "us-east-2c"
                        },
                        "meta": {},
                        "tainted": false
                    },
                    "deposed": [],
                    "provider": "provider.aws"
                }
            },
            "depends_on": []
        }
    ]
}
